Microsoft Visual Studio Solution File, Format Version 12.00
# Visual Studio Version 17
VisualStudioVersion = 17.5.2.0
MinimumVisualStudioVersion = 10.0.40219.1
Project("{2150E333-8FDC-42A3-9474-1A3956D46DE8}") = "samples-aca-keda", "samples-aca-keda", "{415F1471-67D9-7B8C-FE00-33A31409E54E}"
EndProject
Project("{2150E333-8FDC-42A3-9474-1A3956D46DE8}") = "01-basic-setup", "01-basic-setup", "{E90DDC3A-4CA1-EACF-D89E-E6AD9B5A3C88}"
EndProject
Project("{FAE04EC0-301F-11D3-BF4B-00C04F79EFBC}") = "HttpScaling", "samples-aca-keda\01-basic-setup\src\HttpScaling.csproj", "{AD78CD31-2F7B-1042-C95A-796DA2D0B9A8}"
EndProject
Global
	GlobalSection(SolutionConfigurationPlatforms) = preSolution
		Debug|Any CPU = Debug|Any CPU
		Release|Any CPU = Release|Any CPU
	EndGlobalSection
	GlobalSection(ProjectConfigurationPlatforms) = postSolution
		{AD78CD31-2F7B-1042-C95A-796DA2D0B9A8}.Debug|Any CPU.ActiveCfg = Debug|Any CPU
		{AD78CD31-2F7B-1042-C95A-796DA2D0B9A8}.Debug|Any CPU.Build.0 = Debug|Any CPU
		{AD78CD31-2F7B-1042-C95A-796DA2D0B9A8}.Release|Any CPU.ActiveCfg = Release|Any CPU
		{AD78CD31-2F7B-1042-C95A-796DA2D0B9A8}.Release|Any CPU.Build.0 = Release|Any CPU
	EndGlobalSection
	GlobalSection(SolutionProperties) = preSolution
		HideSolutionNode = FALSE
	EndGlobalSection
	GlobalSection(NestedProjects) = preSolution
		{E90DDC3A-4CA1-EACF-D89E-E6AD9B5A3C88} = {415F1471-67D9-7B8C-FE00-33A31409E54E}
		{AD78CD31-2F7B-1042-C95A-796DA2D0B9A8} = {E90DDC3A-4CA1-EACF-D89E-E6AD9B5A3C88}
	EndGlobalSection
	GlobalSection(ExtensibilityGlobals) = postSolution
		SolutionGuid = {9B6F3945-6925-440F-96AB-6552BBA1672A}
	EndGlobalSection
EndGlobal
